
Microsoft Visual Studio Solution File, Format Version 12.00
# Visual Studio Version 17
VisualStudioVersion = 17.4.33110.190
MinimumVisualStudioVersion = 10.0.40219.1
Project("{9A19103F-16F7-4668-BE54-9A1E7A4F7556}") = "SequelFilter", "SequelFilter\SequelFilter.csproj", "{F35AAF6C-1038-4A68-9328-A013CF6B1A99}"
EndProject
Project("{FAE04EC0-301F-11D3-BF4B-00C04F79EFBC}") = "SequelFilter.Tests", "SequelFilter.Tests\SequelFilter.Tests.csproj", "{DDB5BC7E-C6AD-47B7-AE17-A3736B43131E}"
EndProject
Global
	GlobalSection(SolutionConfigurationPlatforms) = preSolution
		Debug|Any CPU = Debug|Any CPU
		Release|Any CPU = Release|Any CPU
	EndGlobalSection
	GlobalSection(ProjectConfigurationPlatforms) = postSolution
		{F35AAF6C-1038-4A68-9328-A013CF6B1A99}.Debug|Any CPU.ActiveCfg = Debug|Any CPU
		{F35AAF6C-1038-4A68-9328-A013CF6B1A99}.Debug|Any CPU.Build.0 = Debug|Any CPU
		{F35AAF6C-1038-4A68-9328-A013CF6B1A99}.Release|Any CPU.ActiveCfg = Release|Any CPU
		{F35AAF6C-1038-4A68-9328-A013CF6B1A99}.Release|Any CPU.Build.0 = Release|Any CPU
		{DDB5BC7E-C6AD-47B7-AE17-A3736B43131E}.Debug|Any CPU.ActiveCfg = Debug|Any CPU
		{DDB5BC7E-C6AD-47B7-AE17-A3736B43131E}.Debug|Any CPU.Build.0 = Debug|Any CPU
		{DDB5BC7E-C6AD-47B7-AE17-A3736B43131E}.Release|Any CPU.ActiveCfg = Release|Any CPU
		{DDB5BC7E-C6AD-47B7-AE17-A3736B43131E}.Release|Any CPU.Build.0 = Release|Any CPU
	EndGlobalSection
	GlobalSection(SolutionProperties) = preSolution
		HideSolutionNode = FALSE
	EndGlobalSection
	GlobalSection(ExtensibilityGlobals) = postSolution
		SolutionGuid = {A5B3EC64-D392-4F0C-BE9E-88710312F3B2}
	EndGlobalSection
EndGlobal
